
Microsoft Visual Studio Solution File, Format Version 12.00
# Visual Studio Version 17
VisualStudioVersion = 17.11.35327.3
MinimumVisualStudioVersion = 10.0.40219.1
Project("{FAE04EC0-301F-11D3-BF4B-00C04F79EFBC}") = "Orders.Domain", "Orders.Domain\Orders.Domain.csproj", "{60C47B14-0649-4F4B-95D5-6DD9EFD0F10A}"
EndProject
Project("{FAE04EC0-301F-11D3-BF4B-00C04F79EFBC}") = "Orders.Application", "Orders.Application\Orders.Application.csproj", "{D8A2C2BF-873E-4434-AB37-F742E15723E7}"
EndProject
Project("{FAE04EC0-301F-11D3-BF4B-00C04F79EFBC}") = "Orders.Infrastructure", "Orders.Infrastructure\Orders.Infrastructure.csproj", "{2637AF02-B486-4A40-9EFB-847B9D279C47}"
EndProject
Project("{FAE04EC0-301F-11D3-BF4B-00C04F79EFBC}") = "Orders.Presentation", "Orders.Presentation\Orders.Presentation.csproj", "{2B5DAAEC-F89F-48A5-B670-586D8961A717}"
EndProject
Project("{9A19103F-16F7-4668-BE54-9A1E7A4F7556}") = "SharedLibrary", "..\EcommerceBackend\SharedLibrary\SharedLibrary.csproj", "{B6CED472-383D-4720-8A28-6338551FA0DB}"
EndProject
Global
	GlobalSection(SolutionConfigurationPlatforms) = preSolution
		Debug|Any CPU = Debug|Any CPU
		Release|Any CPU = Release|Any CPU
	EndGlobalSection
	GlobalSection(ProjectConfigurationPlatforms) = postSolution
		{60C47B14-0649-4F4B-95D5-6DD9EFD0F10A}.Debug|Any CPU.ActiveCfg = Debug|Any CPU
		{60C47B14-0649-4F4B-95D5-6DD9EFD0F10A}.Debug|Any CPU.Build.0 = Debug|Any CPU
		{60C47B14-0649-4F4B-95D5-6DD9EFD0F10A}.Release|Any CPU.ActiveCfg = Release|Any CPU
		{60C47B14-0649-4F4B-95D5-6DD9EFD0F10A}.Release|Any CPU.Build.0 = Release|Any CPU
		{D8A2C2BF-873E-4434-AB37-F742E15723E7}.Debug|Any CPU.ActiveCfg = Debug|Any CPU
		{D8A2C2BF-873E-4434-AB37-F742E15723E7}.Debug|Any CPU.Build.0 = Debug|Any CPU
		{D8A2C2BF-873E-4434-AB37-F742E15723E7}.Release|Any CPU.ActiveCfg = Release|Any CPU
		{D8A2C2BF-873E-4434-AB37-F742E15723E7}.Release|Any CPU.Build.0 = Release|Any CPU
		{2637AF02-B486-4A40-9EFB-847B9D279C47}.Debug|Any CPU.ActiveCfg = Debug|Any CPU
		{2637AF02-B486-4A40-9EFB-847B9D279C47}.Debug|Any CPU.Build.0 = Debug|Any CPU
		{2637AF02-B486-4A40-9EFB-847B9D279C47}.Release|Any CPU.ActiveCfg = Release|Any CPU
		{2637AF02-B486-4A40-9EFB-847B9D279C47}.Release|Any CPU.Build.0 = Release|Any CPU
		{2B5DAAEC-F89F-48A5-B670-586D8961A717}.Debug|Any CPU.ActiveCfg = Debug|Any CPU
		{2B5DAAEC-F89F-48A5-B670-586D8961A717}.Debug|Any CPU.Build.0 = Debug|Any CPU
		{2B5DAAEC-F89F-48A5-B670-586D8961A717}.Release|Any CPU.ActiveCfg = Release|Any CPU
		{2B5DAAEC-F89F-48A5-B670-586D8961A717}.Release|Any CPU.Build.0 = Release|Any CPU
		{B6CED472-383D-4720-8A28-6338551FA0DB}.Debug|Any CPU.ActiveCfg = Debug|Any CPU
		{B6CED472-383D-4720-8A28-6338551FA0DB}.Debug|Any CPU.Build.0 = Debug|Any CPU
		{B6CED472-383D-4720-8A28-6338551FA0DB}.Release|Any CPU.ActiveCfg = Release|Any CPU
		{B6CED472-383D-4720-8A28-6338551FA0DB}.Release|Any CPU.Build.0 = Release|Any CPU
	EndGlobalSection
	GlobalSection(SolutionProperties) = preSolution
		HideSolutionNode = FALSE
	EndGlobalSection
	GlobalSection(ExtensibilityGlobals) = postSolution
		SolutionGuid = {B434BBF9-A4F0-4F43-AF4A-82F56F0BC918}
	EndGlobalSection
EndGlobal
